// !$*UTF8*$!
{
	archiveVersion = 1;
	classes = {
	};
	objectVersion = 56;
	objects = {

/* Begin PBXBuildFile section */
		825206322B421B5A00C18886 /* AttachUikitWithSwiftUiApp.swift in Sources */ = {isa = PBXBuildFile; fileRef = 825206312B421B5A00C18886 /* AttachUikitWithSwiftUiApp.swift */; };
		825206342B421B5A00C18886 /* ContentView.swift in Sources */ = {isa = PBXBuildFile; fileRef = 825206332B421B5A00C18886 /* ContentView.swift */; };
		825206362B421B5C00C18886 /* Assets.xcassets in Resources */ = {isa = PBXBuildFile; fileRef = 825206352B421B5C00C18886 /* Assets.xcassets */; };
		825206392B421B5C00C18886 /* Preview Assets.xcassets in Resources */ = {isa = PBXBuildFile; fileRef = 825206382B421B5C00C18886 /* Preview Assets.xcassets */; };
		825206402B421C9500C18886 /* ViewController.swift in Sources */ = {isa = PBXBuildFile; fileRef = 8252063F2B421C9500C18886 /* ViewController.swift */; };
		825206422B421CA100C18886 /* Main.storyboard in Resources */ = {isa = PBXBuildFile; fileRef = 825206412B421CA100C18886 /* Main.storyboard */; };
		825206442B421CDC00C18886 /* ViewControllerSwiftUi.swift in Sources */ = {isa = PBXBuildFile; fileRef = 825206432B421CDC00C18886 /* ViewControllerSwiftUi.swift */; };
/* End PBXBuildFile section */

/* Begin PBXFileReference section */
		8252062E2B421B5A00C18886 /* AttachUikitWithSwiftUi.app */ = {isa = PBXFileReference; explicitFileType = wrapper.application; includeInIndex = 0; path = AttachUikitWithSwiftUi.app; sourceTree = BUILT_PRODUCTS_DIR; };
		825206312B421B5A00C18886 /* AttachUikitWithSwiftUiApp.swift */ = {isa = PBXFileReference; lastKnownFileType = sourcecode.swift; path = AttachUikitWithSwiftUiApp.swift; sourceTree = "<group>"; };
		825206332B421B5A00C18886 /* ContentView.swift */ = {isa = PBXFileReference; lastKnownFileType = sourcecode.swift; path = ContentView.swift; sourceTree = "<group>"; };
		825206352B421B5C00C18886 /* Assets.xcassets */ = {isa = PBXFileReference; lastKnownFileType = folder.assetcatalog; path = Assets.xcassets; sourceTree = "<group>"; };
		825206382B421B5C00C18886 /* Preview Assets.xcassets */ = {isa = PBXFileReference; lastKnownFileType = folder.assetcatalog; path = "Preview Assets.xcassets"; sourceTree = "<group>"; };
		8252063F2B421C9500C18886 /* ViewController.swift */ = {isa = PBXFileReference; lastKnownFileType = sourcecode.swift; path = ViewController.swift; sourceTree = "<group>"; };
		825206412B421CA100C18886 /* Main.storyboard */ = {isa = PBXFileReference; lastKnownFileType = file.storyboard; path = Main.storyboard; sourceTree = "<group>"; };
		825206432B421CDC00C18886 /* ViewControllerSwiftUi.swift */ = {isa = PBXFileReference; lastKnownFileType = sourcecode.swift; path = ViewControllerSwiftUi.swift; sourceTree = "<group>"; };
/* End PBXFileReference section */

/* Begin PBXFrameworksBuildPhase section */
		8252062B2B421B5A00C18886 /* Frameworks */ = {
			isa = PBXFrameworksBuildPhase;
			buildActionMask = 2147483647;
			files = (
			);
			runOnlyForDeploymentPostprocessing = 0;
		};
/* End PBXFrameworksBuildPhase section */

/* Begin PBXGroup section */
		825206252B421B5A00C18886 = {
			isa = PBXGroup;
			children = (
				825206302B421B5A00C18886 /* AttachUikitWithSwiftUi */,
				8252062F2B421B5A00C18886 /* Products */,
			);
			sourceTree = "<group>";
		};
		8252062F2B421B5A00C18886 /* Products */ = {
			isa = PBXGroup;
			children = (
				8252062E2B421B5A00C18886 /* AttachUikitWithSwiftUi.app */,
			);
			name = Products;
			sourceTree = "<group>";
		};
		825206302B421B5A00C18886 /* AttachUikitWithSwiftUi */ = {
			isa = PBXGroup;
			children = (
				82782DDC2B7685BB00FD8036 /* Cordinator */,
				82782DDB2B7685B200FD8036 /* SwiftUi */,
				82782DDA2B7685AB00FD8036 /* UIkit */,
				825206352B421B5C00C18886 /* Assets.xcassets */,
				825206372B421B5C00C18886 /* Preview Content */,
			);
			path = AttachUikitWithSwiftUi;
			sourceTree = "<group>";
		};
		825206372B421B5C00C18886 /* Preview Content */ = {
			isa = PBXGroup;
			children = (
				825206382B421B5C00C18886 /* Preview Assets.xcassets */,
			);
			path = "Preview Content";
			sourceTree = "<group>";
		};
		82782DDA2B7685AB00FD8036 /* UIkit */ = {
			isa = PBXGroup;
			children = (
				8252063F2B421C9500C18886 /* ViewController.swift */,
				825206412B421CA100C18886 /* Main.storyboard */,
			);
			path = UIkit;
			sourceTree = "<group>";
		};
		82782DDB2B7685B200FD8036 /* SwiftUi */ = {
			isa = PBXGroup;
			children = (
				825206312B421B5A00C18886 /* AttachUikitWithSwiftUiApp.swift */,
				825206332B421B5A00C18886 /* ContentView.swift */,
			);
			path = SwiftUi;
			sourceTree = "<group>";
		};
		82782DDC2B7685BB00FD8036 /* Cordinator */ = {
			isa = PBXGroup;
			children = (
				825206432B421CDC00C18886 /* ViewControllerSwiftUi.swift */,
			);
			path = Cordinator;
			sourceTree = "<group>";
		};
/* End PBXGroup section */

/* Begin PBXNativeTarget section */
		8252062D2B421B5A00C18886 /* AttachUikitWithSwiftUi */ = {
			isa = PBXNativeTarget;
			buildConfigurationList = 8252063C2B421B5C00C18886 /* Build configuration list for PBXNativeTarget "AttachUikitWithSwiftUi" */;
			buildPhases = (
				8252062A2B421B5A00C18886 /* Sources */,
				8252062B2B421B5A00C18886 /* Frameworks */,
				8252062C2B421B5A00C18886 /* Resources */,
			);
			buildRules = (
			);
			dependencies = (
			);
			name = AttachUikitWithSwiftUi;
			productName = AttachUikitWithSwiftUi;
			productReference = 8252062E2B421B5A00C18886 /* AttachUikitWithSwiftUi.app */;
			productType = "com.apple.product-type.application";
		};
/* End PBXNativeTarget section */

/* Begin PBXProject section */
		825206262B421B5A00C18886 /* Project object */ = {
			isa = PBXProject;
			attributes = {
				BuildIndependentTargetsInParallel = 1;
				LastSwiftUpdateCheck = 1510;
				LastUpgradeCheck = 1510;
				TargetAttributes = {
					8252062D2B421B5A00C18886 = {
						CreatedOnToolsVersion = 15.1;
					};
				};
			};
			buildConfigurationList = 825206292B421B5A00C18886 /* Build configuration list for PBXProject "AttachUikitWithSwiftUi" */;
			compatibilityVersion = "Xcode 14.0";
			developmentRegion = en;
			hasScannedForEncodings = 0;
			knownRegions = (
				en,
				Base,
			);
			mainGroup = 825206252B421B5A00C18886;
			productRefGroup = 8252062F2B421B5A00C18886 /* Products */;
			projectDirPath = "";
			projectRoot = "";
			targets = (
				8252062D2B421B5A00C18886 /* AttachUikitWithSwiftUi */,
			);
		};
/* End PBXProject section */

/* Begin PBXResourcesBuildPhase section */
		8252062C2B421B5A00C18886 /* Resources */ = {
			isa = PBXResourcesBuildPhase;
			buildActionMask = 2147483647;
			files = (
				825206422B421CA100C18886 /* Main.storyboard in Resources */,
				825206392B421B5C00C18886 /* Preview Assets.xcassets in Resources */,
				825206362B421B5C00C18886 /* Assets.xcassets in Resources */,
			);
			runOnlyForDeploymentPostprocessing = 0;
		};
/* End PBXResourcesBuildPhase section */

/* Begin PBXSourcesBuildPhase section */
		8252062A2B421B5A00C18886 /* Sources */ = {
			isa = PBXSourcesBuildPhase;
			buildActionMask = 2147483647;
			files = (
				825206442B421CDC00C18886 /* ViewControllerSwiftUi.swift in Sources */,
				825206402B421C9500C18886 /* ViewController.swift in Sources */,
				825206342B421B5A00C18886 /* ContentView.swift in Sources */,
				825206322B421B5A00C18886 /* AttachUikitWithSwiftUiApp.swift in Sources */,
			);
			runOnlyForDeploymentPostprocessing = 0;
		};
/* End PBXSourcesBuildPhase section */

/* Begin XCBuildConfiguration section */
		8252063A2B421B5C00C18886 /* Debug */ = {
			isa = XCBuildConfiguration;
			buildSettings = {
				ALWAYS_SEARCH_USER_PATHS = NO;
				ASSETCATALOG_COMPILER_GENERATE_SWIFT_ASSET_SYMBOL_EXTENSIONS = YES;
				CLANG_ANALYZER_NONNULL = YES;
				CLANG_ANALYZER_NUMBER_OBJECT_CONVERSION = YES_AGGRESSIVE;
				CLANG_CXX_LANGUAGE_STANDARD = "gnu++20";
				CLANG_ENABLE_MODULES = YES;
				CLANG_ENABLE_OBJC_ARC = YES;
				CLANG_ENABLE_OBJC_WEAK = YES;
				CLANG_WARN_BLOCK_CAPTURE_AUTORELEASING = YES;
				CLANG_WARN_BOOL_CONVERSION = YES;
				CLANG_WARN_COMMA = YES;
				CLANG_WARN_CONSTANT_CONVERSION = YES;
				CLANG_WARN_DEPRECATED_OBJC_IMPLEMENTATIONS = YES;
				CLANG_WARN_DIRECT_OBJC_ISA_USAGE = YES_ERROR;
				CLANG_WARN_DOCUMENTATION_COMMENTS = YES;
				CLANG_WARN_EMPTY_BODY = YES;
				CLANG_WARN_ENUM_CONVERSION = YES;
				CLANG_WARN_INFINITE_RECURSION = YES;
				CLANG_WARN_INT_CONVERSION = YES;
				CLANG_WARN_NON_LITERAL_NULL_CONVERSION = YES;
				CLANG_WARN_OBJC_IMPLICIT_RETAIN_SELF = YES;
				CLANG_WARN_OBJC_LITERAL_CONVERSION = YES;
				CLANG_WARN_OBJC_ROOT_CLASS = YES_ERROR;
				CLANG_WARN_QUOTED_INCLUDE_IN_FRAMEWORK_HEADER = YES;
				CLANG_WARN_RANGE_LOOP_ANALYSIS = YES;
				CLANG_WARN_STRICT_PROTOTYPES = YES;
				CLANG_WARN_SUSPICIOUS_MOVE = YES;
				CLANG_WARN_UNGUARDED_AVAILABILITY = YES_AGGRESSIVE;
				CLANG_WARN_UNREACHABLE_CODE = YES;
				CLANG_WARN__DUPLICATE_METHOD_MATCH = YES;
				COPY_PHASE_STRIP = NO;
				DEBUG_INFORMATION_FORMAT = dwarf;
				ENABLE_STRICT_OBJC_MSGSEND = YES;
				ENABLE_TESTABILITY = YES;
				ENABLE_USER_SCRIPT_SANDBOXING = YES;
				GCC_C_LANGUAGE_STANDARD = gnu17;
				GCC_DYNAMIC_NO_PIC = NO;
				GCC_NO_COMMON_BLOCKS = YES;
				GCC_OPTIMIZATION_LEVEL = 0;
				GCC_PREPROCESSOR_DEFINITIONS = (
					"DEBUG=1",
					"$(inherited)",
				);
				GCC_WARN_64_TO_32_BIT_CONVERSION = YES;
				GCC_WARN_ABOUT_RETURN_TYPE = YES_ERROR;
				GCC_WARN_UNDECLARED_SELECTOR = YES;
				GCC_WARN_UNINITIALIZED_AUTOS = YES_AGGRESSIVE;
				GCC_WARN_UNUSED_FUNCTION = YES;
				GCC_WARN_UNUSED_VARIABLE = YES;
				IPHONEOS_DEPLOYMENT_TARGET = 17.2;
				LOCALIZATION_PREFERS_STRING_CATALOGS = YES;
				MTL_ENABLE_DEBUG_INFO = INCLUDE_SOURCE;
				MTL_FAST_MATH = YES;
				ONLY_ACTIVE_ARCH = YES;
				SDKROOT = iphoneos;
				SWIFT_ACTIVE_COMPILATION_CONDITIONS = "DEBUG $(inherited)";
				SWIFT_OPTIMIZATION_LEVEL = "-Onone";
			};
			name = Debug;
		};
		8252063B2B421B5C00C18886 /* Release */ = {
			isa = XCBuildConfiguration;
			buildSettings = {
				ALWAYS_SEARCH_USER_PATHS = NO;
				ASSETCATALOG_COMPILER_GENERATE_SWIFT_ASSET_SYMBOL_EXTENSIONS = YES;
				CLANG_ANALYZER_NONNULL = YES;
				CLANG_ANALYZER_NUMBER_OBJECT_CONVERSION = YES_AGGRESSIVE;
				CLANG_CXX_LANGUAGE_STANDARD = "gnu++20";
				CLANG_ENABLE_MODULES = YES;
				CLANG_ENABLE_OBJC_ARC = YES;
				CLANG_ENABLE_OBJC_WEAK = YES;
				CLANG_WARN_BLOCK_CAPTURE_AUTORELEASING = YES;
				CLANG_WARN_BOOL_CONVERSION = YES;
				CLANG_WARN_COMMA = YES;
				CLANG_WARN_CONSTANT_CONVERSION = YES;
				CLANG_WARN_DEPRECATED_OBJC_IMPLEMENTATIONS = YES;
				CLANG_WARN_DIRECT_OBJC_ISA_USAGE = YES_ERROR;
				CLANG_WARN_DOCUMENTATION_COMMENTS = YES;
				CLANG_WARN_EMPTY_BODY = YES;
				CLANG_WARN_ENUM_CONVERSION = YES;
				CLANG_WARN_INFINITE_RECURSION = YES;
				CLANG_WARN_INT_CONVERSION = YES;
				CLANG_WARN_NON_LITERAL_NULL_CONVERSION = YES;
				CLANG_WARN_OBJC_IMPLICIT_RETAIN_SELF = YES;
				CLANG_WARN_OBJC_LITERAL_CONVERSION = YES;
				CLANG_WARN_OBJC_ROOT_CLASS = YES_ERROR;
				CLANG_WARN_QUOTED_INCLUDE_IN_FRAMEWORK_HEADER = YES;
				CLANG_WARN_RANGE_LOOP_ANALYSIS = YES;
				CLANG_WARN_STRICT_PROTOTYPES = YES;
				CLANG_WARN_SUSPICIOUS_MOVE = YES;
				CLANG_WARN_UNGUARDED_AVAILABILITY = YES_AGGRESSIVE;
				CLANG_WARN_UNREACHABLE_CODE = YES;
				CLANG_WARN__DUPLICATE_METHOD_MATCH = YES;
				COPY_PHASE_STRIP = NO;
				DEBUG_INFORMATION_FORMAT = "dwarf-with-dsym";
				ENABLE_NS_ASSERTIONS = NO;
				ENABLE_STRICT_OBJC_MSGSEND = YES;
				ENABLE_USER_SCRIPT_SANDBOXING = YES;
				GCC_C_LANGUAGE_STANDARD = gnu17;
				GCC_NO_COMMON_BLOCKS = YES;
				GCC_WARN_64_TO_32_BIT_CONVERSION = YES;
				GCC_WARN_ABOUT_RETURN_TYPE = YES_ERROR;
				GCC_WARN_UNDECLARED_SELECTOR = YES;
				GCC_WARN_UNINITIALIZED_AUTOS = YES_AGGRESSIVE;
				GCC_WARN_UNUSED_FUNCTION = YES;
				GCC_WARN_UNUSED_VARIABLE = YES;
				IPHONEOS_DEPLOYMENT_TARGET = 17.2;
				LOCALIZATION_PREFERS_STRING_CATALOGS = YES;
				MTL_ENABLE_DEBUG_INFO = NO;
				MTL_FAST_MATH = YES;
				SDKROOT = iphoneos;
				SWIFT_COMPILATION_MODE = wholemodule;
				VALIDATE_PRODUCT = YES;
			};
			name = Release;
		};
		8252063D2B421B5C00C18886 /* Debug */ = {
			isa = XCBuildConfiguration;
			buildSettings = {
				ASSETCATALOG_COMPILER_APPICON_NAME = AppIcon;
				ASSETCATALOG_COMPILER_GLOBAL_ACCENT_COLOR_NAME = AccentColor;
				CODE_SIGN_STYLE = Automatic;
				CURRENT_PROJECT_VERSION = 1;
				DEVELOPMENT_ASSET_PATHS = "\"AttachUikitWithSwiftUi/Preview Content\"";
				DEVELOPMENT_TEAM = BVZ9794FDX;
				ENABLE_PREVIEWS = YES;
				GENERATE_INFOPLIST_FILE = YES;
				INFOPLIST_KEY_UIApplicationSceneManifest_Generation = YES;
				INFOPLIST_KEY_UIApplicationSupportsIndirectInputEvents = YES;
				INFOPLIST_KEY_UILaunchScreen_Generation = YES;
				INFOPLIST_KEY_UISupportedInterfaceOrientations_iPad = "UIInterfaceOrientationPortrait UIInterfaceOrientationPortraitUpsideDown UIInterfaceOrientationLandscapeLeft UIInterfaceOrientationLandscapeRight";
				INFOPLIST_KEY_UISupportedInterfaceOrientations_iPhone = "UIInterfaceOrientationPortrait UIInterfaceOrientationLandscapeLeft UIInterfaceOrientationLandscapeRight";
				IPHONEOS_DEPLOYMENT_TARGET = 16.6;
				LD_RUNPATH_SEARCH_PATHS = (
					"$(inherited)",
					"@executable_path/Frameworks",
				);
				MARKETING_VERSION = 1.0;
				PRODUCT_BUNDLE_IDENTIFIER = com.diab.AttachUikitWithSwiftUi;
				PRODUCT_NAME = "$(TARGET_NAME)";
				SWIFT_EMIT_LOC_STRINGS = YES;
				SWIFT_VERSION = 5.0;
				TARGETED_DEVICE_FAMILY = "1,2";
			};
			name = Debug;
		};
		8252063E2B421B5C00C18886 /* Release */ = {
			isa = XCBuildConfiguration;
			buildSettings = {
				ASSETCATALOG_COMPILER_APPICON_NAME = AppIcon;
				ASSETCATALOG_COMPILER_GLOBAL_ACCENT_COLOR_NAME = AccentColor;
				CODE_SIGN_STYLE = Automatic;
				CURRENT_PROJECT_VERSION = 1;
				DEVELOPMENT_ASSET_PATHS = "\"AttachUikitWithSwiftUi/Preview Content\"";
				DEVELOPMENT_TEAM = BVZ9794FDX;
				ENABLE_PREVIEWS = YES;
				GENERATE_INFOPLIST_FILE = YES;
				INFOPLIST_KEY_UIApplicationSceneManifest_Generation = YES;
				INFOPLIST_KEY_UIApplicationSupportsIndirectInputEvents = YES;
				INFOPLIST_KEY_UILaunchScreen_Generation = YES;
				INFOPLIST_KEY_UISupportedInterfaceOrientations_iPad = "UIInterfaceOrientationPortrait UIInterfaceOrientationPortraitUpsideDown UIInterfaceOrientationLandscapeLeft UIInterfaceOrientationLandscapeRight";
				INFOPLIST_KEY_UISupportedInterfaceOrientations_iPhone = "UIInterfaceOrientationPortrait UIInterfaceOrientationLandscapeLeft UIInterfaceOrientationLandscapeRight";
				IPHONEOS_DEPLOYMENT_TARGET = 16.6;
				LD_RUNPATH_SEARCH_PATHS = (
					"$(inherited)",
					"@executable_path/Frameworks",
				);
				MARKETING_VERSION = 1.0;
				PRODUCT_BUNDLE_IDENTIFIER = com.diab.AttachUikitWithSwiftUi;
				PRODUCT_NAME = "$(TARGET_NAME)";
				SWIFT_EMIT_LOC_STRINGS = YES;
				SWIFT_VERSION = 5.0;
				TARGETED_DEVICE_FAMILY = "1,2";
			};
			name = Release;
		};
/* End XCBuildConfiguration section */

/* Begin XCConfigurationList section */
		825206292B421B5A00C18886 /* Build configuration list for PBXProject "AttachUikitWithSwiftUi" */ = {
			isa = XCConfigurationList;
			buildConfigurations = (
				8252063A2B421B5C00C18886 /* Debug */,
				8252063B2B421B5C00C18886 /* Release */,
			);
			defaultConfigurationIsVisible = 0;
			defaultConfigurationName = Release;
		};
		8252063C2B421B5C00C18886 /* Build configuration list for PBXNativeTarget "AttachUikitWithSwiftUi" */ = {
			isa = XCConfigurationList;
			buildConfigurations = (
				8252063D2B421B5C00C18886 /* Debug */,
				8252063E2B421B5C00C18886 /* Release */,
			);
			defaultConfigurationIsVisible = 0;
			defaultConfigurationName = Release;
		};
/* End XCConfigurationList section */
	};
	rootObject = 825206262B421B5A00C18886 /* Project object */;
}
